
Microsoft Visual Studio Solution File, Format Version 12.00
# Visual Studio Version 17
VisualStudioVersion = 17.0.32112.339
MinimumVisualStudioVersion = 10.0.40219.1
Project("{FAE04EC0-301F-11D3-BF4B-00C04F79EFBC}") = "Entities", "Entities\Entities.csproj", "{C3AC46F7-5417-4F3F-A0FF-C612C722B0E5}"
EndProject
Project("{FAE04EC0-301F-11D3-BF4B-00C04F79EFBC}") = "DataAccess", "DataAccess\DataAccess.csproj", "{B37DE5E2-FD87-477D-815C-60140B23764D}"
EndProject
Project("{FAE04EC0-301F-11D3-BF4B-00C04F79EFBC}") = "Business", "Business\Business.csproj", "{A3E99227-4AB2-42DE-853A-0176685087A9}"
EndProject
Project("{FAE04EC0-301F-11D3-BF4B-00C04F79EFBC}") = "ConsoleUI", "ConsoleUI\ConsoleUI.csproj", "{AF9023EC-0724-41A1-9F3A-F8493510F0B8}"
EndProject
Global
	GlobalSection(SolutionConfigurationPlatforms) = preSolution
		Debug|Any CPU = Debug|Any CPU
		Release|Any CPU = Release|Any CPU
	EndGlobalSection
	GlobalSection(ProjectConfigurationPlatforms) = postSolution
		{C3AC46F7-5417-4F3F-A0FF-C612C722B0E5}.Debug|Any CPU.ActiveCfg = Debug|Any CPU
		{C3AC46F7-5417-4F3F-A0FF-C612C722B0E5}.Debug|Any CPU.Build.0 = Debug|Any CPU
		{C3AC46F7-5417-4F3F-A0FF-C612C722B0E5}.Release|Any CPU.ActiveCfg = Release|Any CPU
		{C3AC46F7-5417-4F3F-A0FF-C612C722B0E5}.Release|Any CPU.Build.0 = Release|Any CPU
		{B37DE5E2-FD87-477D-815C-60140B23764D}.Debug|Any CPU.ActiveCfg = Debug|Any CPU
		{B37DE5E2-FD87-477D-815C-60140B23764D}.Debug|Any CPU.Build.0 = Debug|Any CPU
		{B37DE5E2-FD87-477D-815C-60140B23764D}.Release|Any CPU.ActiveCfg = Release|Any CPU
		{B37DE5E2-FD87-477D-815C-60140B23764D}.Release|Any CPU.Build.0 = Release|Any CPU
		{A3E99227-4AB2-42DE-853A-0176685087A9}.Debug|Any CPU.ActiveCfg = Debug|Any CPU
		{A3E99227-4AB2-42DE-853A-0176685087A9}.Debug|Any CPU.Build.0 = Debug|Any CPU
		{A3E99227-4AB2-42DE-853A-0176685087A9}.Release|Any CPU.ActiveCfg = Release|Any CPU
		{A3E99227-4AB2-42DE-853A-0176685087A9}.Release|Any CPU.Build.0 = Release|Any CPU
		{AF9023EC-0724-41A1-9F3A-F8493510F0B8}.Debug|Any CPU.ActiveCfg = Debug|Any CPU
		{AF9023EC-0724-41A1-9F3A-F8493510F0B8}.Debug|Any CPU.Build.0 = Debug|Any CPU
		{AF9023EC-0724-41A1-9F3A-F8493510F0B8}.Release|Any CPU.ActiveCfg = Release|Any CPU
		{AF9023EC-0724-41A1-9F3A-F8493510F0B8}.Release|Any CPU.Build.0 = Release|Any CPU
	EndGlobalSection
	GlobalSection(SolutionProperties) = preSolution
		HideSolutionNode = FALSE
	EndGlobalSection
	GlobalSection(ExtensibilityGlobals) = postSolution
		SolutionGuid = {BA3C4276-F08C-4F70-8B7E-BFF9E459BA3B}
	EndGlobalSection
EndGlobal
